
Microsoft Visual Studio Solution File, Format Version 12.00
# Visual Studio Version 16
VisualStudioVersion = 16.0.31129.286
MinimumVisualStudioVersion = 10.0.40219.1
Project("{FAE04EC0-301F-11D3-BF4B-00C04F79EFBC}") = "1.1 - Assignment 2", "1.1 - Assignment 2.csproj", "{C926DB1F-ACF9-4BEF-B807-8040A5446069}"
EndProject
Global
	GlobalSection(SolutionConfigurationPlatforms) = preSolution
		Debug|Any CPU = Debug|Any CPU
		Release|Any CPU = Release|Any CPU
	EndGlobalSection
	GlobalSection(ProjectConfigurationPlatforms) = postSolution
		{C926DB1F-ACF9-4BEF-B807-8040A5446069}.Debug|Any CPU.ActiveCfg = Debug|Any CPU
		{C926DB1F-ACF9-4BEF-B807-8040A5446069}.Debug|Any CPU.Build.0 = Debug|Any CPU
		{C926DB1F-ACF9-4BEF-B807-8040A5446069}.Release|Any CPU.ActiveCfg = Release|Any CPU
		{C926DB1F-ACF9-4BEF-B807-8040A5446069}.Release|Any CPU.Build.0 = Release|Any CPU
	EndGlobalSection
	GlobalSection(SolutionProperties) = preSolution
		HideSolutionNode = FALSE
	EndGlobalSection
	GlobalSection(ExtensibilityGlobals) = postSolution
		SolutionGuid = {C57B88BE-4821-4604-8413-1462E6C8F8F7}
	EndGlobalSection
EndGlobal
