
Microsoft Visual Studio Solution File, Format Version 12.00
# Visual Studio Version 16
VisualStudioVersion = 16.0.31129.286
MinimumVisualStudioVersion = 10.0.40219.1
Project("{FAE04EC0-301F-11D3-BF4B-00C04F79EFBC}") = "1.2-Assignment1-3", "1.2-Assignment1-3.csproj", "{F3286B5E-D537-4EC9-8D56-386EB4E2A4ED}"
EndProject
Global
	GlobalSection(SolutionConfigurationPlatforms) = preSolution
		Debug|Any CPU = Debug|Any CPU
		Release|Any CPU = Release|Any CPU
	EndGlobalSection
	GlobalSection(ProjectConfigurationPlatforms) = postSolution
		{F3286B5E-D537-4EC9-8D56-386EB4E2A4ED}.Debug|Any CPU.ActiveCfg = Debug|Any CPU
		{F3286B5E-D537-4EC9-8D56-386EB4E2A4ED}.Debug|Any CPU.Build.0 = Debug|Any CPU
		{F3286B5E-D537-4EC9-8D56-386EB4E2A4ED}.Release|Any CPU.ActiveCfg = Release|Any CPU
		{F3286B5E-D537-4EC9-8D56-386EB4E2A4ED}.Release|Any CPU.Build.0 = Release|Any CPU
	EndGlobalSection
	GlobalSection(SolutionProperties) = preSolution
		HideSolutionNode = FALSE
	EndGlobalSection
	GlobalSection(ExtensibilityGlobals) = postSolution
		SolutionGuid = {D4516037-7D7B-457B-8D6B-C01BF295A589}
	EndGlobalSection
EndGlobal
