
Microsoft Visual Studio Solution File, Format Version 12.00
# Visual Studio Version 16
VisualStudioVersion = 16.0.31129.286
MinimumVisualStudioVersion = 10.0.40219.1
Project("{FAE04EC0-301F-11D3-BF4B-00C04F79EFBC}") = "1.2-Assignment-2", "1.2-Assignment-2.csproj", "{6476BA1F-68E5-4C8B-B285-795598F30130}"
EndProject
Global
	GlobalSection(SolutionConfigurationPlatforms) = preSolution
		Debug|Any CPU = Debug|Any CPU
		Release|Any CPU = Release|Any CPU
	EndGlobalSection
	GlobalSection(ProjectConfigurationPlatforms) = postSolution
		{6476BA1F-68E5-4C8B-B285-795598F30130}.Debug|Any CPU.ActiveCfg = Debug|Any CPU
		{6476BA1F-68E5-4C8B-B285-795598F30130}.Debug|Any CPU.Build.0 = Debug|Any CPU
		{6476BA1F-68E5-4C8B-B285-795598F30130}.Release|Any CPU.ActiveCfg = Release|Any CPU
		{6476BA1F-68E5-4C8B-B285-795598F30130}.Release|Any CPU.Build.0 = Release|Any CPU
	EndGlobalSection
	GlobalSection(SolutionProperties) = preSolution
		HideSolutionNode = FALSE
	EndGlobalSection
	GlobalSection(ExtensibilityGlobals) = postSolution
		SolutionGuid = {5D208A15-23C2-48F8-90A4-248A07ED9C54}
	EndGlobalSection
EndGlobal
