
Microsoft Visual Studio Solution File, Format Version 12.00
# Visual Studio Version 16
VisualStudioVersion = 16.0.31129.286
MinimumVisualStudioVersion = 10.0.40219.1
Project("{FAE04EC0-301F-11D3-BF4B-00C04F79EFBC}") = "Module1Ex2.2", "Module1Ex2.2.csproj", "{443C9C7F-9B88-4B31-9183-A2DF0F181DA7}"
EndProject
Global
	GlobalSection(SolutionConfigurationPlatforms) = preSolution
		Debug|Any CPU = Debug|Any CPU
		Release|Any CPU = Release|Any CPU
	EndGlobalSection
	GlobalSection(ProjectConfigurationPlatforms) = postSolution
		{443C9C7F-9B88-4B31-9183-A2DF0F181DA7}.Debug|Any CPU.ActiveCfg = Debug|Any CPU
		{443C9C7F-9B88-4B31-9183-A2DF0F181DA7}.Debug|Any CPU.Build.0 = Debug|Any CPU
		{443C9C7F-9B88-4B31-9183-A2DF0F181DA7}.Release|Any CPU.ActiveCfg = Release|Any CPU
		{443C9C7F-9B88-4B31-9183-A2DF0F181DA7}.Release|Any CPU.Build.0 = Release|Any CPU
	EndGlobalSection
	GlobalSection(SolutionProperties) = preSolution
		HideSolutionNode = FALSE
	EndGlobalSection
	GlobalSection(ExtensibilityGlobals) = postSolution
		SolutionGuid = {7A575A6F-93AB-4537-A44B-E05AC5CE1DD5}
	EndGlobalSection
EndGlobal
