
Microsoft Visual Studio Solution File, Format Version 12.00
# Visual Studio Version 16
VisualStudioVersion = 16.0.31129.286
MinimumVisualStudioVersion = 10.0.40219.1
Project("{FAE04EC0-301F-11D3-BF4B-00C04F79EFBC}") = "Module2Ex1", "Module2Ex1.csproj", "{5E8BA97D-1B6E-474E-95D5-FF3019ACC786}"
EndProject
Global
	GlobalSection(SolutionConfigurationPlatforms) = preSolution
		Debug|Any CPU = Debug|Any CPU
		Release|Any CPU = Release|Any CPU
	EndGlobalSection
	GlobalSection(ProjectConfigurationPlatforms) = postSolution
		{5E8BA97D-1B6E-474E-95D5-FF3019ACC786}.Debug|Any CPU.ActiveCfg = Debug|Any CPU
		{5E8BA97D-1B6E-474E-95D5-FF3019ACC786}.Debug|Any CPU.Build.0 = Debug|Any CPU
		{5E8BA97D-1B6E-474E-95D5-FF3019ACC786}.Release|Any CPU.ActiveCfg = Release|Any CPU
		{5E8BA97D-1B6E-474E-95D5-FF3019ACC786}.Release|Any CPU.Build.0 = Release|Any CPU
	EndGlobalSection
	GlobalSection(SolutionProperties) = preSolution
		HideSolutionNode = FALSE
	EndGlobalSection
	GlobalSection(ExtensibilityGlobals) = postSolution
		SolutionGuid = {A9061969-1CBF-4437-AF11-B99A666C50AA}
	EndGlobalSection
EndGlobal
