
Microsoft Visual Studio Solution File, Format Version 12.00
# Visual Studio Version 16
VisualStudioVersion = 16.0.31129.286
MinimumVisualStudioVersion = 10.0.40219.1
Project("{FAE04EC0-301F-11D3-BF4B-00C04F79EFBC}") = "ReflectionDemo", "ReflectionDemo\ReflectionDemo.csproj", "{16A66AED-0E49-44CF-BB84-F0F98F1AC721}"
EndProject
Global
	GlobalSection(SolutionConfigurationPlatforms) = preSolution
		Debug|Any CPU = Debug|Any CPU
		Release|Any CPU = Release|Any CPU
	EndGlobalSection
	GlobalSection(ProjectConfigurationPlatforms) = postSolution
		{16A66AED-0E49-44CF-BB84-F0F98F1AC721}.Debug|Any CPU.ActiveCfg = Debug|Any CPU
		{16A66AED-0E49-44CF-BB84-F0F98F1AC721}.Debug|Any CPU.Build.0 = Debug|Any CPU
		{16A66AED-0E49-44CF-BB84-F0F98F1AC721}.Release|Any CPU.ActiveCfg = Release|Any CPU
		{16A66AED-0E49-44CF-BB84-F0F98F1AC721}.Release|Any CPU.Build.0 = Release|Any CPU
	EndGlobalSection
	GlobalSection(SolutionProperties) = preSolution
		HideSolutionNode = FALSE
	EndGlobalSection
	GlobalSection(ExtensibilityGlobals) = postSolution
		SolutionGuid = {78B1CB7D-B6CB-4906-B896-E776FA3CAF14}
	EndGlobalSection
EndGlobal
