
Microsoft Visual Studio Solution File, Format Version 12.00
# Visual Studio Version 16
VisualStudioVersion = 16.0.31129.286
MinimumVisualStudioVersion = 10.0.40219.1
Project("{FAE04EC0-301F-11D3-BF4B-00C04F79EFBC}") = "LINQDemo", "LINQDemo.csproj", "{6377CBD6-E241-4D33-B6C9-BD2CF0E567A1}"
EndProject
Global
	GlobalSection(SolutionConfigurationPlatforms) = preSolution
		Debug|Any CPU = Debug|Any CPU
		Release|Any CPU = Release|Any CPU
	EndGlobalSection
	GlobalSection(ProjectConfigurationPlatforms) = postSolution
		{6377CBD6-E241-4D33-B6C9-BD2CF0E567A1}.Debug|Any CPU.ActiveCfg = Debug|Any CPU
		{6377CBD6-E241-4D33-B6C9-BD2CF0E567A1}.Debug|Any CPU.Build.0 = Debug|Any CPU
		{6377CBD6-E241-4D33-B6C9-BD2CF0E567A1}.Release|Any CPU.ActiveCfg = Release|Any CPU
		{6377CBD6-E241-4D33-B6C9-BD2CF0E567A1}.Release|Any CPU.Build.0 = Release|Any CPU
	EndGlobalSection
	GlobalSection(SolutionProperties) = preSolution
		HideSolutionNode = FALSE
	EndGlobalSection
	GlobalSection(ExtensibilityGlobals) = postSolution
		SolutionGuid = {C4714685-77F2-476B-9AAC-0A06B82060B8}
	EndGlobalSection
EndGlobal
